packages:
  - name: dbt_utils
    package: dbt-labs/dbt_utils
    version: 1.4.1
  - git: https://github.com/dbt-labs/dbt-audit-helper.git
    name: audit_helper
    revision: 71817f0a7fa3df9f63adb90db0cf28f7423f720b
  - name: dbt_meta_testing
    package: tnightengale/dbt_meta_testing
    version: 0.4.0
sha1_hash: 2f5571c1655f7f9bb44b535eb5fd6a0ceb2a759f
